
Microsoft Visual Studio Solution File, Format Version 12.00
# Visual Studio Version 17
VisualStudioVersion = 17.3.32825.248
MinimumVisualStudioVersion = 10.0.40219.1
Project("{2150E333-8FDC-42A3-9474-1A3956D46DE8}") = "2 TicTacToe", "2 TicTacToe", "{B396B2DC-86E3-4288-AD69-3D7767C05E36}"
EndProject
Project("{2150E333-8FDC-42A3-9474-1A3956D46DE8}") = "3 Telefon", "3 Telefon", "{059FAF95-6599-4331-8D2E-CB7BC82C4AC8}"
EndProject
Project("{FAE04EC0-301F-11D3-BF4B-00C04F79EFBC}") = "State.Original", "Refactoring.State\State.Original\State.Original.csproj", "{311515D7-738A-4A8B-8EDF-A20918101FD1}"
EndProject
Project("{FAE04EC0-301F-11D3-BF4B-00C04F79EFBC}") = "State.Original.Tests", "Refactoring.State\State.Original.Tests\State.Original.Tests.csproj", "{2E0C825B-6582-4524-A0C8-A65B31826F4C}"
EndProject
Project("{FAE04EC0-301F-11D3-BF4B-00C04F79EFBC}") = "State.Exercise", "Refactoring.State\State.Exercise\State.Exercise.csproj", "{8E3FEEEC-60B7-4CE3-9325-0FA90DABE519}"
EndProject
Project("{FAE04EC0-301F-11D3-BF4B-00C04F79EFBC}") = "State.Exercise.Tests", "Refactoring.State\State.Exercise.Tests\State.Exercise.Tests.csproj", "{CEF4B981-AA1B-4538-935D-F5B6AA91DD11}"
EndProject
Project("{FAE04EC0-301F-11D3-BF4B-00C04F79EFBC}") = "State.Refactored", "Refactoring.State\State.Refactored\State.Refactored.csproj", "{8E873551-1912-443F-89CD-05304156DBA1}"
EndProject
Project("{FAE04EC0-301F-11D3-BF4B-00C04F79EFBC}") = "State.Refactored.Tests", "Refactoring.State\State.Refactored.Tests\State.Refactored.Tests.csproj", "{C9CEBEC9-0F82-49DF-901A-F4997BBC9931}"
EndProject
Project("{2150E333-8FDC-42A3-9474-1A3956D46DE8}") = "A Original", "A Original", "{6D0200E9-709E-4E6D-840C-52FD950AA0EF}"
EndProject
Project("{2150E333-8FDC-42A3-9474-1A3956D46DE8}") = "B Approval Tests", "B Approval Tests", "{136E6709-6ACB-4D9A-B09C-EBDCEAF6D52A}"
EndProject
Project("{2150E333-8FDC-42A3-9474-1A3956D46DE8}") = "C Excercise", "C Excercise", "{4C99C899-0C44-4D12-911B-75CDAE008385}"
EndProject
Project("{2150E333-8FDC-42A3-9474-1A3956D46DE8}") = "D Refactored", "D Refactored", "{CD00244C-5545-4286-8538-7E64632CDC9B}"
EndProject
Project("{2150E333-8FDC-42A3-9474-1A3956D46DE8}") = "A Original", "A Original", "{2750BC9B-1A89-4F23-83D2-DDA7F3E3CC1B}"
EndProject
Project("{2150E333-8FDC-42A3-9474-1A3956D46DE8}") = "B Exercise", "B Exercise", "{8E26F238-DEC6-48E9-B7E4-BF39156973CD}"
EndProject
Project("{2150E333-8FDC-42A3-9474-1A3956D46DE8}") = "C Refactored", "C Refactored", "{FC14090B-F112-4582-8180-CB58EC9F4561}"
EndProject
Project("{2150E333-8FDC-42A3-9474-1A3956D46DE8}") = "1 Zahlenraten", "1 Zahlenraten", "{E89992C4-A4CB-48F8-952D-94D238C5D4D8}"
EndProject
Project("{FAE04EC0-301F-11D3-BF4B-00C04F79EFBC}") = "TicTacToe.Original", "Refactoring.TicTacToe\TicTacToe.Original\TicTacToe.Original.csproj", "{26541E1B-B751-407F-A87C-A298FA4F97A6}"
EndProject
Project("{FAE04EC0-301F-11D3-BF4B-00C04F79EFBC}") = "TicTacToe.Step1", "Refactoring.TicTacToe\TicTacToe.Step1\TicTacToe.Step1.csproj", "{EA3CC322-0673-43DD-8297-B58829C98DC2}"
EndProject
Project("{FAE04EC0-301F-11D3-BF4B-00C04F79EFBC}") = "TicTacToe.Step1.Tests", "Refactoring.TicTacToe\TicTacToe.Step1.Tests\TicTacToe.Step1.Tests.csproj", "{EF6C547C-636D-479C-B871-8D6CF46D3F2C}"
EndProject
Project("{FAE04EC0-301F-11D3-BF4B-00C04F79EFBC}") = "TicTacToe.Excercise", "Refactoring.TicTacToe\TicTacToe.Exercise\TicTacToe.Excercise.csproj", "{FEB66EC2-1441-4FC6-8357-C43C1B1F3B00}"
EndProject
Project("{FAE04EC0-301F-11D3-BF4B-00C04F79EFBC}") = "TicTacToe.Exercise.Tests", "Refactoring.TicTacToe\TicTacToe.Exercise.Tests\TicTacToe.Exercise.Tests.csproj", "{7C6AFFCD-A146-4E84-AB03-C4AF50DDE3D6}"
EndProject
Project("{FAE04EC0-301F-11D3-BF4B-00C04F79EFBC}") = "TicTacToe.Refactored", "Refactoring.TicTacToe\TicTacToe.Refactored\TicTacToe.Refactored.csproj", "{067EDA01-194A-4DD9-A61A-A88423A4E0DE}"
EndProject
Project("{FAE04EC0-301F-11D3-BF4B-00C04F79EFBC}") = "TicTacToe.Refactored.Tests", "Refactoring.TicTacToe\TicTacToe.Refactored.Tests\TicTacToe.Refactored.Tests.csproj", "{A884F31B-D4E8-432D-81F9-36D278CF89E7}"
EndProject
Project("{2150E333-8FDC-42A3-9474-1A3956D46DE8}") = "4 Requesthandler", "4 Requesthandler", "{D0C2F955-6319-4C0E-89C1-F99237344A7A}"
EndProject
Project("{FAE04EC0-301F-11D3-BF4B-00C04F79EFBC}") = "Backend.Original", "Refactoring.Backend\Backend.Original\Backend.Original.csproj", "{4D049971-E860-4A6A-B1E4-665E9AD96964}"
EndProject
Project("{FAE04EC0-301F-11D3-BF4B-00C04F79EFBC}") = "Backend.Original.Tests", "Refactoring.Backend\Backend.Original.Tests\Backend.Original.Tests.csproj", "{D57D7525-B13F-4DB0-95BD-32200A1ED6C3}"
EndProject
Project("{FAE04EC0-301F-11D3-BF4B-00C04F79EFBC}") = "Backend.Refactored", "Refactoring.Backend\Backend.Refactored\Backend.Refactored.csproj", "{3876CC41-23F3-4B23-86D4-226786F697C8}"
EndProject
Project("{FAE04EC0-301F-11D3-BF4B-00C04F79EFBC}") = "Backend.Refactored.Tests", "Refactoring.Backend\Backend.Refactored.Tests\Backend.Refactored.Tests.csproj", "{A1D52C42-48B9-40FA-9CB9-EAC18B39EB55}"
EndProject
Project("{2150E333-8FDC-42A3-9474-1A3956D46DE8}") = "A Original", "A Original", "{502E8946-9512-42CD-A404-70B441890EFD}"
EndProject
Project("{2150E333-8FDC-42A3-9474-1A3956D46DE8}") = "C Refactored", "C Refactored", "{977800E4-29B5-4A6E-85A8-F3DED593AEFF}"
EndProject
Project("{FAE04EC0-301F-11D3-BF4B-00C04F79EFBC}") = "Zahlenraten.Original", "Refactoring.Zahlenraten\Zahlenraten.Original\Zahlenraten.Original.csproj", "{5B870954-AC3C-41BF-8A34-BAFD646D5624}"
EndProject
Project("{2150E333-8FDC-42A3-9474-1A3956D46DE8}") = "A Original", "A Original", "{7F7B3123-34C5-4FA3-9461-CDEA44FBE499}"
EndProject
Project("{2150E333-8FDC-42A3-9474-1A3956D46DE8}") = "D Refactored", "D Refactored", "{6F25001F-904B-4DCE-9B79-64144A5EFCB0}"
EndProject
Project("{2150E333-8FDC-42A3-9474-1A3956D46DE8}") = "B With approval Tests", "B With approval Tests", "{4D3AB321-5A69-4A5C-BBEC-31C9AE2564F6}"
EndProject
Project("{FAE04EC0-301F-11D3-BF4B-00C04F79EFBC}") = "Zahlenraten.Approval", "Refactoring.Zahlenraten\Zahlenraten.Approval\Zahlenraten.Approval.csproj", "{BBABD649-368E-401A-9727-333B1D6E4911}"
EndProject
Project("{FAE04EC0-301F-11D3-BF4B-00C04F79EFBC}") = "Zahlenraten.Approval.Tests", "Refactoring.Zahlenraten\Zahlenraten.Approval.Tests\Zahlenraten.Approval.Tests.csproj", "{BD5E6436-F610-4620-9BE7-6F3701067727}"
EndProject
Project("{FAE04EC0-301F-11D3-BF4B-00C04F79EFBC}") = "Zahlenraten.Refactored", "Refactoring.Zahlenraten\Zahlenraten.Refactored\Zahlenraten.Refactored.csproj", "{50623823-8E38-47F8-BC50-98B2965D378D}"
EndProject
Project("{FAE04EC0-301F-11D3-BF4B-00C04F79EFBC}") = "Zahlenraten.Refactored.Tests", "Refactoring.Zahlenraten\Zahlenraten.Refactored.Tests\Zahlenraten.Refactored.Tests.csproj", "{934F7796-2F0D-4672-98B4-2FB82B067789}"
EndProject
Project("{2150E333-8FDC-42A3-9474-1A3956D46DE8}") = "C Exercise", "C Exercise", "{9DA26192-AD5E-4110-99DE-4B08F6E90CE6}"
EndProject
Project("{FAE04EC0-301F-11D3-BF4B-00C04F79EFBC}") = "Zahlenraten.Exercise", "Refactoring.Zahlenraten\Zahlenraten.Exercise\Zahlenraten.Exercise.csproj", "{7DD0D4ED-3F6F-4376-915F-2BBD227D83BE}"
EndProject
Project("{FAE04EC0-301F-11D3-BF4B-00C04F79EFBC}") = "Zahlenraten.Exercise.Tests", "Refactoring.Zahlenraten\Zahlenraten.Exercise.Tests\Zahlenraten.Exercise.Tests.csproj", "{F4AD96AC-D3A9-40A1-963B-406F86E3A8B7}"
EndProject
Global
	GlobalSection(SolutionConfigurationPlatforms) = preSolution
		Debug|Any CPU = Debug|Any CPU
		Release|Any CPU = Release|Any CPU
	EndGlobalSection
	GlobalSection(ProjectConfigurationPlatforms) = postSolution
		{311515D7-738A-4A8B-8EDF-A20918101FD1}.Debug|Any CPU.ActiveCfg = Debug|Any CPU
		{311515D7-738A-4A8B-8EDF-A20918101FD1}.Debug|Any CPU.Build.0 = Debug|Any CPU
		{311515D7-738A-4A8B-8EDF-A20918101FD1}.Release|Any CPU.ActiveCfg = Release|Any CPU
		{311515D7-738A-4A8B-8EDF-A20918101FD1}.Release|Any CPU.Build.0 = Release|Any CPU
		{2E0C825B-6582-4524-A0C8-A65B31826F4C}.Debug|Any CPU.ActiveCfg = Debug|Any CPU
		{2E0C825B-6582-4524-A0C8-A65B31826F4C}.Debug|Any CPU.Build.0 = Debug|Any CPU
		{2E0C825B-6582-4524-A0C8-A65B31826F4C}.Release|Any CPU.ActiveCfg = Release|Any CPU
		{2E0C825B-6582-4524-A0C8-A65B31826F4C}.Release|Any CPU.Build.0 = Release|Any CPU
		{8E3FEEEC-60B7-4CE3-9325-0FA90DABE519}.Debug|Any CPU.ActiveCfg = Debug|Any CPU
		{8E3FEEEC-60B7-4CE3-9325-0FA90DABE519}.Debug|Any CPU.Build.0 = Debug|Any CPU
		{8E3FEEEC-60B7-4CE3-9325-0FA90DABE519}.Release|Any CPU.ActiveCfg = Release|Any CPU
		{8E3FEEEC-60B7-4CE3-9325-0FA90DABE519}.Release|Any CPU.Build.0 = Release|Any CPU
		{CEF4B981-AA1B-4538-935D-F5B6AA91DD11}.Debug|Any CPU.ActiveCfg = Debug|Any CPU
		{CEF4B981-AA1B-4538-935D-F5B6AA91DD11}.Debug|Any CPU.Build.0 = Debug|Any CPU
		{CEF4B981-AA1B-4538-935D-F5B6AA91DD11}.Release|Any CPU.ActiveCfg = Release|Any CPU
		{CEF4B981-AA1B-4538-935D-F5B6AA91DD11}.Release|Any CPU.Build.0 = Release|Any CPU
		{8E873551-1912-443F-89CD-05304156DBA1}.Debug|Any CPU.ActiveCfg = Debug|Any CPU
		{8E873551-1912-443F-89CD-05304156DBA1}.Debug|Any CPU.Build.0 = Debug|Any CPU
		{8E873551-1912-443F-89CD-05304156DBA1}.Release|Any CPU.ActiveCfg = Release|Any CPU
		{8E873551-1912-443F-89CD-05304156DBA1}.Release|Any CPU.Build.0 = Release|Any CPU
		{C9CEBEC9-0F82-49DF-901A-F4997BBC9931}.Debug|Any CPU.ActiveCfg = Debug|Any CPU
		{C9CEBEC9-0F82-49DF-901A-F4997BBC9931}.Debug|Any CPU.Build.0 = Debug|Any CPU
		{C9CEBEC9-0F82-49DF-901A-F4997BBC9931}.Release|Any CPU.ActiveCfg = Release|Any CPU
		{C9CEBEC9-0F82-49DF-901A-F4997BBC9931}.Release|Any CPU.Build.0 = Release|Any CPU
		{26541E1B-B751-407F-A87C-A298FA4F97A6}.Debug|Any CPU.ActiveCfg = Debug|Any CPU
		{26541E1B-B751-407F-A87C-A298FA4F97A6}.Debug|Any CPU.Build.0 = Debug|Any CPU
		{26541E1B-B751-407F-A87C-A298FA4F97A6}.Release|Any CPU.ActiveCfg = Release|Any CPU
		{26541E1B-B751-407F-A87C-A298FA4F97A6}.Release|Any CPU.Build.0 = Release|Any CPU
		{EA3CC322-0673-43DD-8297-B58829C98DC2}.Debug|Any CPU.ActiveCfg = Debug|Any CPU
		{EA3CC322-0673-43DD-8297-B58829C98DC2}.Debug|Any CPU.Build.0 = Debug|Any CPU
		{EA3CC322-0673-43DD-8297-B58829C98DC2}.Release|Any CPU.ActiveCfg = Release|Any CPU
		{EA3CC322-0673-43DD-8297-B58829C98DC2}.Release|Any CPU.Build.0 = Release|Any CPU
		{EF6C547C-636D-479C-B871-8D6CF46D3F2C}.Debug|Any CPU.ActiveCfg = Debug|Any CPU
		{EF6C547C-636D-479C-B871-8D6CF46D3F2C}.Debug|Any CPU.Build.0 = Debug|Any CPU
		{EF6C547C-636D-479C-B871-8D6CF46D3F2C}.Release|Any CPU.ActiveCfg = Release|Any CPU
		{EF6C547C-636D-479C-B871-8D6CF46D3F2C}.Release|Any CPU.Build.0 = Release|Any CPU
		{FEB66EC2-1441-4FC6-8357-C43C1B1F3B00}.Debug|Any CPU.ActiveCfg = Debug|Any CPU
		{FEB66EC2-1441-4FC6-8357-C43C1B1F3B00}.Debug|Any CPU.Build.0 = Debug|Any CPU
		{FEB66EC2-1441-4FC6-8357-C43C1B1F3B00}.Release|Any CPU.ActiveCfg = Release|Any CPU
		{FEB66EC2-1441-4FC6-8357-C43C1B1F3B00}.Release|Any CPU.Build.0 = Release|Any CPU
		{7C6AFFCD-A146-4E84-AB03-C4AF50DDE3D6}.Debug|Any CPU.ActiveCfg = Debug|Any CPU
		{7C6AFFCD-A146-4E84-AB03-C4AF50DDE3D6}.Debug|Any CPU.Build.0 = Debug|Any CPU
		{7C6AFFCD-A146-4E84-AB03-C4AF50DDE3D6}.Release|Any CPU.ActiveCfg = Release|Any CPU
		{7C6AFFCD-A146-4E84-AB03-C4AF50DDE3D6}.Release|Any CPU.Build.0 = Release|Any CPU
		{067EDA01-194A-4DD9-A61A-A88423A4E0DE}.Debug|Any CPU.ActiveCfg = Debug|Any CPU
		{067EDA01-194A-4DD9-A61A-A88423A4E0DE}.Debug|Any CPU.Build.0 = Debug|Any CPU
		{067EDA01-194A-4DD9-A61A-A88423A4E0DE}.Release|Any CPU.ActiveCfg = Release|Any CPU
		{067EDA01-194A-4DD9-A61A-A88423A4E0DE}.Release|Any CPU.Build.0 = Release|Any CPU
		{A884F31B-D4E8-432D-81F9-36D278CF89E7}.Debug|Any CPU.ActiveCfg = Debug|Any CPU
		{A884F31B-D4E8-432D-81F9-36D278CF89E7}.Debug|Any CPU.Build.0 = Debug|Any CPU
		{A884F31B-D4E8-432D-81F9-36D278CF89E7}.Release|Any CPU.ActiveCfg = Release|Any CPU
		{A884F31B-D4E8-432D-81F9-36D278CF89E7}.Release|Any CPU.Build.0 = Release|Any CPU
		{4D049971-E860-4A6A-B1E4-665E9AD96964}.Debug|Any CPU.ActiveCfg = Debug|Any CPU
		{4D049971-E860-4A6A-B1E4-665E9AD96964}.Debug|Any CPU.Build.0 = Debug|Any CPU
		{4D049971-E860-4A6A-B1E4-665E9AD96964}.Release|Any CPU.ActiveCfg = Release|Any CPU
		{4D049971-E860-4A6A-B1E4-665E9AD96964}.Release|Any CPU.Build.0 = Release|Any CPU
		{D57D7525-B13F-4DB0-95BD-32200A1ED6C3}.Debug|Any CPU.ActiveCfg = Debug|Any CPU
		{D57D7525-B13F-4DB0-95BD-32200A1ED6C3}.Debug|Any CPU.Build.0 = Debug|Any CPU
		{D57D7525-B13F-4DB0-95BD-32200A1ED6C3}.Release|Any CPU.ActiveCfg = Release|Any CPU
		{D57D7525-B13F-4DB0-95BD-32200A1ED6C3}.Release|Any CPU.Build.0 = Release|Any CPU
		{3876CC41-23F3-4B23-86D4-226786F697C8}.Debug|Any CPU.ActiveCfg = Debug|Any CPU
		{3876CC41-23F3-4B23-86D4-226786F697C8}.Debug|Any CPU.Build.0 = Debug|Any CPU
		{3876CC41-23F3-4B23-86D4-226786F697C8}.Release|Any CPU.ActiveCfg = Release|Any CPU
		{3876CC41-23F3-4B23-86D4-226786F697C8}.Release|Any CPU.Build.0 = Release|Any CPU
		{A1D52C42-48B9-40FA-9CB9-EAC18B39EB55}.Debug|Any CPU.ActiveCfg = Debug|Any CPU
		{A1D52C42-48B9-40FA-9CB9-EAC18B39EB55}.Debug|Any CPU.Build.0 = Debug|Any CPU
		{A1D52C42-48B9-40FA-9CB9-EAC18B39EB55}.Release|Any CPU.ActiveCfg = Release|Any CPU
		{A1D52C42-48B9-40FA-9CB9-EAC18B39EB55}.Release|Any CPU.Build.0 = Release|Any CPU
		{5B870954-AC3C-41BF-8A34-BAFD646D5624}.Debug|Any CPU.ActiveCfg = Debug|Any CPU
		{5B870954-AC3C-41BF-8A34-BAFD646D5624}.Debug|Any CPU.Build.0 = Debug|Any CPU
		{5B870954-AC3C-41BF-8A34-BAFD646D5624}.Release|Any CPU.ActiveCfg = Release|Any CPU
		{5B870954-AC3C-41BF-8A34-BAFD646D5624}.Release|Any CPU.Build.0 = Release|Any CPU
		{BBABD649-368E-401A-9727-333B1D6E4911}.Debug|Any CPU.ActiveCfg = Debug|Any CPU
		{BBABD649-368E-401A-9727-333B1D6E4911}.Debug|Any CPU.Build.0 = Debug|Any CPU
		{BBABD649-368E-401A-9727-333B1D6E4911}.Release|Any CPU.ActiveCfg = Release|Any CPU
		{BBABD649-368E-401A-9727-333B1D6E4911}.Release|Any CPU.Build.0 = Release|Any CPU
		{BD5E6436-F610-4620-9BE7-6F3701067727}.Debug|Any CPU.ActiveCfg = Debug|Any CPU
		{BD5E6436-F610-4620-9BE7-6F3701067727}.Debug|Any CPU.Build.0 = Debug|Any CPU
		{BD5E6436-F610-4620-9BE7-6F3701067727}.Release|Any CPU.ActiveCfg = Release|Any CPU
		{BD5E6436-F610-4620-9BE7-6F3701067727}.Release|Any CPU.Build.0 = Release|Any CPU
		{50623823-8E38-47F8-BC50-98B2965D378D}.Debug|Any CPU.ActiveCfg = Debug|Any CPU
		{50623823-8E38-47F8-BC50-98B2965D378D}.Debug|Any CPU.Build.0 = Debug|Any CPU
		{50623823-8E38-47F8-BC50-98B2965D378D}.Release|Any CPU.ActiveCfg = Release|Any CPU
		{50623823-8E38-47F8-BC50-98B2965D378D}.Release|Any CPU.Build.0 = Release|Any CPU
		{934F7796-2F0D-4672-98B4-2FB82B067789}.Debug|Any CPU.ActiveCfg = Debug|Any CPU
		{934F7796-2F0D-4672-98B4-2FB82B067789}.Debug|Any CPU.Build.0 = Debug|Any CPU
		{934F7796-2F0D-4672-98B4-2FB82B067789}.Release|Any CPU.ActiveCfg = Release|Any CPU
		{934F7796-2F0D-4672-98B4-2FB82B067789}.Release|Any CPU.Build.0 = Release|Any CPU
		{7DD0D4ED-3F6F-4376-915F-2BBD227D83BE}.Debug|Any CPU.ActiveCfg = Debug|Any CPU
		{7DD0D4ED-3F6F-4376-915F-2BBD227D83BE}.Debug|Any CPU.Build.0 = Debug|Any CPU
		{7DD0D4ED-3F6F-4376-915F-2BBD227D83BE}.Release|Any CPU.ActiveCfg = Release|Any CPU
		{7DD0D4ED-3F6F-4376-915F-2BBD227D83BE}.Release|Any CPU.Build.0 = Release|Any CPU
		{F4AD96AC-D3A9-40A1-963B-406F86E3A8B7}.Debug|Any CPU.ActiveCfg = Debug|Any CPU
		{F4AD96AC-D3A9-40A1-963B-406F86E3A8B7}.Debug|Any CPU.Build.0 = Debug|Any CPU
		{F4AD96AC-D3A9-40A1-963B-406F86E3A8B7}.Release|Any CPU.ActiveCfg = Release|Any CPU
		{F4AD96AC-D3A9-40A1-963B-406F86E3A8B7}.Release|Any CPU.Build.0 = Release|Any CPU
	EndGlobalSection
	GlobalSection(SolutionProperties) = preSolution
		HideSolutionNode = FALSE
	EndGlobalSection
	GlobalSection(NestedProjects) = preSolution
		{311515D7-738A-4A8B-8EDF-A20918101FD1} = {2750BC9B-1A89-4F23-83D2-DDA7F3E3CC1B}
		{2E0C825B-6582-4524-A0C8-A65B31826F4C} = {2750BC9B-1A89-4F23-83D2-DDA7F3E3CC1B}
		{8E3FEEEC-60B7-4CE3-9325-0FA90DABE519} = {8E26F238-DEC6-48E9-B7E4-BF39156973CD}
		{CEF4B981-AA1B-4538-935D-F5B6AA91DD11} = {8E26F238-DEC6-48E9-B7E4-BF39156973CD}
		{8E873551-1912-443F-89CD-05304156DBA1} = {FC14090B-F112-4582-8180-CB58EC9F4561}
		{C9CEBEC9-0F82-49DF-901A-F4997BBC9931} = {FC14090B-F112-4582-8180-CB58EC9F4561}
		{6D0200E9-709E-4E6D-840C-52FD950AA0EF} = {B396B2DC-86E3-4288-AD69-3D7767C05E36}
		{136E6709-6ACB-4D9A-B09C-EBDCEAF6D52A} = {B396B2DC-86E3-4288-AD69-3D7767C05E36}
		{4C99C899-0C44-4D12-911B-75CDAE008385} = {B396B2DC-86E3-4288-AD69-3D7767C05E36}
		{CD00244C-5545-4286-8538-7E64632CDC9B} = {B396B2DC-86E3-4288-AD69-3D7767C05E36}
		{2750BC9B-1A89-4F23-83D2-DDA7F3E3CC1B} = {059FAF95-6599-4331-8D2E-CB7BC82C4AC8}
		{8E26F238-DEC6-48E9-B7E4-BF39156973CD} = {059FAF95-6599-4331-8D2E-CB7BC82C4AC8}
		{FC14090B-F112-4582-8180-CB58EC9F4561} = {059FAF95-6599-4331-8D2E-CB7BC82C4AC8}
		{26541E1B-B751-407F-A87C-A298FA4F97A6} = {6D0200E9-709E-4E6D-840C-52FD950AA0EF}
		{EA3CC322-0673-43DD-8297-B58829C98DC2} = {136E6709-6ACB-4D9A-B09C-EBDCEAF6D52A}
		{EF6C547C-636D-479C-B871-8D6CF46D3F2C} = {136E6709-6ACB-4D9A-B09C-EBDCEAF6D52A}
		{FEB66EC2-1441-4FC6-8357-C43C1B1F3B00} = {4C99C899-0C44-4D12-911B-75CDAE008385}
		{7C6AFFCD-A146-4E84-AB03-C4AF50DDE3D6} = {4C99C899-0C44-4D12-911B-75CDAE008385}
		{067EDA01-194A-4DD9-A61A-A88423A4E0DE} = {CD00244C-5545-4286-8538-7E64632CDC9B}
		{A884F31B-D4E8-432D-81F9-36D278CF89E7} = {CD00244C-5545-4286-8538-7E64632CDC9B}
		{4D049971-E860-4A6A-B1E4-665E9AD96964} = {502E8946-9512-42CD-A404-70B441890EFD}
		{D57D7525-B13F-4DB0-95BD-32200A1ED6C3} = {502E8946-9512-42CD-A404-70B441890EFD}
		{3876CC41-23F3-4B23-86D4-226786F697C8} = {977800E4-29B5-4A6E-85A8-F3DED593AEFF}
		{A1D52C42-48B9-40FA-9CB9-EAC18B39EB55} = {977800E4-29B5-4A6E-85A8-F3DED593AEFF}
		{502E8946-9512-42CD-A404-70B441890EFD} = {D0C2F955-6319-4C0E-89C1-F99237344A7A}
		{977800E4-29B5-4A6E-85A8-F3DED593AEFF} = {D0C2F955-6319-4C0E-89C1-F99237344A7A}
		{5B870954-AC3C-41BF-8A34-BAFD646D5624} = {7F7B3123-34C5-4FA3-9461-CDEA44FBE499}
		{7F7B3123-34C5-4FA3-9461-CDEA44FBE499} = {E89992C4-A4CB-48F8-952D-94D238C5D4D8}
		{6F25001F-904B-4DCE-9B79-64144A5EFCB0} = {E89992C4-A4CB-48F8-952D-94D238C5D4D8}
		{4D3AB321-5A69-4A5C-BBEC-31C9AE2564F6} = {E89992C4-A4CB-48F8-952D-94D238C5D4D8}
		{BBABD649-368E-401A-9727-333B1D6E4911} = {4D3AB321-5A69-4A5C-BBEC-31C9AE2564F6}
		{BD5E6436-F610-4620-9BE7-6F3701067727} = {4D3AB321-5A69-4A5C-BBEC-31C9AE2564F6}
		{50623823-8E38-47F8-BC50-98B2965D378D} = {6F25001F-904B-4DCE-9B79-64144A5EFCB0}
		{934F7796-2F0D-4672-98B4-2FB82B067789} = {6F25001F-904B-4DCE-9B79-64144A5EFCB0}
		{9DA26192-AD5E-4110-99DE-4B08F6E90CE6} = {E89992C4-A4CB-48F8-952D-94D238C5D4D8}
		{7DD0D4ED-3F6F-4376-915F-2BBD227D83BE} = {9DA26192-AD5E-4110-99DE-4B08F6E90CE6}
		{F4AD96AC-D3A9-40A1-963B-406F86E3A8B7} = {9DA26192-AD5E-4110-99DE-4B08F6E90CE6}
	EndGlobalSection
	GlobalSection(ExtensibilityGlobals) = postSolution
		SolutionGuid = {53ECCFEC-A574-48C6-8787-56F483DC5AD0}
	EndGlobalSection
EndGlobal
