
Microsoft Visual Studio Solution File, Format Version 12.00
# Visual Studio Version 17
VisualStudioVersion = 17.3.32825.248
MinimumVisualStudioVersion = 10.0.40219.1
Project("{2150E333-8FDC-42A3-9474-1A3956D46DE8}") = "2 TicTacToe", "2 TicTacToe", "{B396B2DC-86E3-4288-AD69-3D7767C05E36}"
EndProject
Project("{2150E333-8FDC-42A3-9474-1A3956D46DE8}") = "3 State", "3 State", "{059FAF95-6599-4331-8D2E-CB7BC82C4AC8}"
EndProject
Project("{FAE04EC0-301F-11D3-BF4B-00C04F79EFBC}") = "Telefon.Original", "03_Telefon\A_Original\Telefon.Original.csproj", "{311515D7-738A-4A8B-8EDF-A20918101FD1}"
EndProject
Project("{FAE04EC0-301F-11D3-BF4B-00C04F79EFBC}") = "Telefon.Original.Tests", "03_Telefon\A_Original.Tests\Telefon.Original.Tests.csproj", "{2E0C825B-6582-4524-A0C8-A65B31826F4C}"
EndProject
Project("{FAE04EC0-301F-11D3-BF4B-00C04F79EFBC}") = "Telefon.Exercise", "03_Telefon\B_Exercise\Telefon.Exercise.csproj", "{8E3FEEEC-60B7-4CE3-9325-0FA90DABE519}"
EndProject
Project("{FAE04EC0-301F-11D3-BF4B-00C04F79EFBC}") = "Telefon.Exercise.Tests", "03_Telefon\B_Exercise.Tests\Telefon.Exercise.Tests.csproj", "{CEF4B981-AA1B-4538-935D-F5B6AA91DD11}"
EndProject
Project("{FAE04EC0-301F-11D3-BF4B-00C04F79EFBC}") = "Telefon.Refactored", "03_Telefon\C_Refactored\Telefon.Refactored.csproj", "{8E873551-1912-443F-89CD-05304156DBA1}"
EndProject
Project("{FAE04EC0-301F-11D3-BF4B-00C04F79EFBC}") = "Telefon.Refactored.Tests", "03_Telefon\C_Refactored.Tests\Telefon.Refactored.Tests.csproj", "{C9CEBEC9-0F82-49DF-901A-F4997BBC9931}"
EndProject
Project("{2150E333-8FDC-42A3-9474-1A3956D46DE8}") = "A Original", "A Original", "{6D0200E9-709E-4E6D-840C-52FD950AA0EF}"
EndProject
Project("{2150E333-8FDC-42A3-9474-1A3956D46DE8}") = "B Approval Tests", "B Approval Tests", "{136E6709-6ACB-4D9A-B09C-EBDCEAF6D52A}"
EndProject
Project("{2150E333-8FDC-42A3-9474-1A3956D46DE8}") = "C Excercise", "C Excercise", "{4C99C899-0C44-4D12-911B-75CDAE008385}"
EndProject
Project("{2150E333-8FDC-42A3-9474-1A3956D46DE8}") = "D Refactored", "D Refactored", "{CD00244C-5545-4286-8538-7E64632CDC9B}"
EndProject
Project("{2150E333-8FDC-42A3-9474-1A3956D46DE8}") = "A Original", "A Original", "{2750BC9B-1A89-4F23-83D2-DDA7F3E3CC1B}"
EndProject
Project("{2150E333-8FDC-42A3-9474-1A3956D46DE8}") = "B Exercise", "B Exercise", "{8E26F238-DEC6-48E9-B7E4-BF39156973CD}"
EndProject
Project("{2150E333-8FDC-42A3-9474-1A3956D46DE8}") = "C Refactored", "C Refactored", "{FC14090B-F112-4582-8180-CB58EC9F4561}"
EndProject
Project("{2150E333-8FDC-42A3-9474-1A3956D46DE8}") = "1 Zahlenraten", "1 Zahlenraten", "{E89992C4-A4CB-48F8-952D-94D238C5D4D8}"
EndProject
Project("{FAE04EC0-301F-11D3-BF4B-00C04F79EFBC}") = "TicTacToe.Original", "02_TicTacToe\A_Original\TicTacToe.Original.csproj", "{26541E1B-B751-407F-A87C-A298FA4F97A6}"
EndProject
Project("{FAE04EC0-301F-11D3-BF4B-00C04F79EFBC}") = "TicTacToe.Step1", "02_TicTacToe\B_Step1\TicTacToe.Step1.csproj", "{EA3CC322-0673-43DD-8297-B58829C98DC2}"
EndProject
Project("{FAE04EC0-301F-11D3-BF4B-00C04F79EFBC}") = "TicTacToe.Step1.Tests", "02_TicTacToe\B_Step1.Tests\TicTacToe.Step1.Tests.csproj", "{EF6C547C-636D-479C-B871-8D6CF46D3F2C}"
EndProject
Project("{FAE04EC0-301F-11D3-BF4B-00C04F79EFBC}") = "TicTacToe.Excercise", "02_TicTacToe\C_Exercise\TicTacToe.Excercise.csproj", "{FEB66EC2-1441-4FC6-8357-C43C1B1F3B00}"
EndProject
Project("{FAE04EC0-301F-11D3-BF4B-00C04F79EFBC}") = "TicTacToe.Exercise.Tests", "02_TicTacToe\C_Exercise.Tests\TicTacToe.Exercise.Tests.csproj", "{7C6AFFCD-A146-4E84-AB03-C4AF50DDE3D6}"
EndProject
Project("{FAE04EC0-301F-11D3-BF4B-00C04F79EFBC}") = "TicTacToe.Refactored", "02_TicTacToe\D_Refactored\TicTacToe.Refactored.csproj", "{067EDA01-194A-4DD9-A61A-A88423A4E0DE}"
EndProject
Project("{FAE04EC0-301F-11D3-BF4B-00C04F79EFBC}") = "TicTacToe.Refactored.Tests", "02_TicTacToe\D_Refactored.Tests\TicTacToe.Refactored.Tests.csproj", "{A884F31B-D4E8-432D-81F9-36D278CF89E7}"
EndProject
Project("{2150E333-8FDC-42A3-9474-1A3956D46DE8}") = "5 Solid", "5 Solid", "{D0C2F955-6319-4C0E-89C1-F99237344A7A}"
EndProject
Project("{2150E333-8FDC-42A3-9474-1A3956D46DE8}") = "A Original", "A Original", "{502E8946-9512-42CD-A404-70B441890EFD}"
EndProject
Project("{2150E333-8FDC-42A3-9474-1A3956D46DE8}") = "C Refactored", "C Refactored", "{977800E4-29B5-4A6E-85A8-F3DED593AEFF}"
EndProject
Project("{FAE04EC0-301F-11D3-BF4B-00C04F79EFBC}") = "Zahlenraten.Original", "01_Zahlenraten\A_Original\Zahlenraten.Original.csproj", "{5B870954-AC3C-41BF-8A34-BAFD646D5624}"
EndProject
Project("{2150E333-8FDC-42A3-9474-1A3956D46DE8}") = "A Original", "A Original", "{7F7B3123-34C5-4FA3-9461-CDEA44FBE499}"
EndProject
Project("{2150E333-8FDC-42A3-9474-1A3956D46DE8}") = "D Refactored", "D Refactored", "{6F25001F-904B-4DCE-9B79-64144A5EFCB0}"
EndProject
Project("{2150E333-8FDC-42A3-9474-1A3956D46DE8}") = "B With approval Tests", "B With approval Tests", "{4D3AB321-5A69-4A5C-BBEC-31C9AE2564F6}"
EndProject
Project("{FAE04EC0-301F-11D3-BF4B-00C04F79EFBC}") = "Zahlenraten.Approval", "01_Zahlenraten\B_Approval\Zahlenraten.Approval.csproj", "{BBABD649-368E-401A-9727-333B1D6E4911}"
EndProject
Project("{FAE04EC0-301F-11D3-BF4B-00C04F79EFBC}") = "Zahlenraten.Approval.Tests", "01_Zahlenraten\B_Approval.Tests\Zahlenraten.Approval.Tests.csproj", "{BD5E6436-F610-4620-9BE7-6F3701067727}"
EndProject
Project("{FAE04EC0-301F-11D3-BF4B-00C04F79EFBC}") = "Zahlenraten.Refactored", "01_Zahlenraten\D_Refactored\Zahlenraten.Refactored.csproj", "{50623823-8E38-47F8-BC50-98B2965D378D}"
EndProject
Project("{FAE04EC0-301F-11D3-BF4B-00C04F79EFBC}") = "Zahlenraten.Refactored.Tests", "01_Zahlenraten\D_Refactored.Tests\Zahlenraten.Refactored.Tests.csproj", "{934F7796-2F0D-4672-98B4-2FB82B067789}"
EndProject
Project("{2150E333-8FDC-42A3-9474-1A3956D46DE8}") = "C Exercise", "C Exercise", "{9DA26192-AD5E-4110-99DE-4B08F6E90CE6}"
EndProject
Project("{FAE04EC0-301F-11D3-BF4B-00C04F79EFBC}") = "Zahlenraten.Exercise", "01_Zahlenraten\C_Exercise\Zahlenraten.Exercise.csproj", "{7DD0D4ED-3F6F-4376-915F-2BBD227D83BE}"
EndProject
Project("{FAE04EC0-301F-11D3-BF4B-00C04F79EFBC}") = "Zahlenraten.Exercise.Tests", "01_Zahlenraten\C_Exercise.Tests\Zahlenraten.Exercise.Tests.csproj", "{F4AD96AC-D3A9-40A1-963B-406F86E3A8B7}"
EndProject
Project("{2150E333-8FDC-42A3-9474-1A3956D46DE8}") = "99 Sonstiges", "99 Sonstiges", "{0EF55607-5B22-47F3-AE21-37BEC2400408}"
EndProject
Project("{FAE04EC0-301F-11D3-BF4B-00C04F79EFBC}") = "Resharper.InheritanceToDelegation", "Resharper.InheritanceToDelegation\Resharper.InheritanceToDelegation.csproj", "{333E15AA-86EA-43E7-A702-CBC5420C8205}"
EndProject
Project("{2150E333-8FDC-42A3-9474-1A3956D46DE8}") = "4 Adapter", "4 Adapter", "{E7962031-85A0-481A-BB2A-F47FA2C98369}"
EndProject
Project("{2150E333-8FDC-42A3-9474-1A3956D46DE8}") = "A Original", "A Original", "{9610A72D-5B71-4279-8925-C852EBAA3200}"
EndProject
Project("{2150E333-8FDC-42A3-9474-1A3956D46DE8}") = "C Refactored", "C Refactored", "{1157BEE0-2377-4117-AC4C-33E4076A65F0}"
EndProject
Project("{2150E333-8FDC-42A3-9474-1A3956D46DE8}") = "B Excercise", "B Excercise", "{C69D63D1-E6B0-4BF4-8506-E94226D621E8}"
EndProject
Project("{2150E333-8FDC-42A3-9474-1A3956D46DE8}") = "B Excercise", "B Excercise", "{1E6E5C82-15A7-4D20-AEE9-D73446C25AC8}"
EndProject
Project("{2150E333-8FDC-42A3-9474-1A3956D46DE8}") = "6 GildedRose", "6 GildedRose", "{EA6E2E2E-AE19-4BEA-82E7-690FC2B74085}"
EndProject
Project("{9A19103F-16F7-4668-BE54-9A1E7A4F7556}") = "GildedRoseKata.Original", "06_GildedRose\A_Original\GildedRoseKata.Original.csproj", "{35EAE196-63B8-41A8-8219-AEDC1E488369}"
EndProject
Project("{9A19103F-16F7-4668-BE54-9A1E7A4F7556}") = "GildedRoseKata.Original.Tests", "06_GildedRose\A_Original.Tests\GildedRoseKata.Original.Tests.csproj", "{E3555634-3C17-43DB-9ECA-427C628EBAE8}"
EndProject
Project("{9A19103F-16F7-4668-BE54-9A1E7A4F7556}") = "GildedRoseKata.Refactored", "06_GildedRose\C_Refactored\GildedRoseKata.Refactored.csproj", "{286554FE-2CFD-4648-AAC3-A3FD551C6957}"
EndProject
Project("{9A19103F-16F7-4668-BE54-9A1E7A4F7556}") = "GildedRoseKata.Refactored.Tests", "06_GildedRose\C_Refactored.Tests\GildedRoseKata.Refactored.Tests.csproj", "{28312F47-283A-4F9C-A20F-BF6CDC3B1F0D}"
EndProject
Project("{9A19103F-16F7-4668-BE54-9A1E7A4F7556}") = "GildedRoseKata.Refactored2", "06_GildedRose\C_Refactored2\GildedRoseKata.Refactored2.csproj", "{25F9F8C9-720C-4F8A-B087-729F4AE44515}"
EndProject
Project("{9A19103F-16F7-4668-BE54-9A1E7A4F7556}") = "GildedRoseKata.Refactored2.Tests", "06_GildedRose\C_Refactored2.Tests\GildedRoseKata.Refactored2.Tests.csproj", "{0F3EBBE8-72C7-4B86-8CD7-19F34EEF0655}"
EndProject
Project("{9A19103F-16F7-4668-BE54-9A1E7A4F7556}") = "Solid.Refactored", "05_Solid\Solid.Refactored\Solid.Refactored.csproj", "{CD668D95-705E-40F2-9FD0-CD85C1D2FFA7}"
EndProject
Project("{9A19103F-16F7-4668-BE54-9A1E7A4F7556}") = "Solid.Original", "05_Solid\Solid.Original\Solid.Original.csproj", "{5D14EFA1-3483-4031-8290-81132A214E37}"
EndProject
Project("{FAE04EC0-301F-11D3-BF4B-00C04F79EFBC}") = "Kniffel.Original", "07_Kniffel\Kniffel.Original\Kniffel.Original.csproj", "{578D5B76-73C2-472B-B949-38F73B398CA1}"
EndProject
Project("{2150E333-8FDC-42A3-9474-1A3956D46DE8}") = "7 Kniffel", "7 Kniffel", "{7A16C827-565D-46AD-92A7-BB25A37189AF}"
EndProject
Project("{FAE04EC0-301F-11D3-BF4B-00C04F79EFBC}") = "Kniffel.Refactored", "07_Kniffel\Kniffel.Refactored\Kniffel.Refactored.csproj", "{F0C3185F-9344-4893-99AC-2EFB472E3B54}"
EndProject
Project("{FAE04EC0-301F-11D3-BF4B-00C04F79EFBC}") = "Kniffel.Refactored.Tests", "07_Kniffel\Kniffel.Refactored.Tests\Kniffel.Refactored.Tests.csproj", "{6BED8C43-3B1D-441A-A501-280C344243C7}"
EndProject
Project("{FAE04EC0-301F-11D3-BF4B-00C04F79EFBC}") = "Kniffel.Original.Tests", "07_Kniffel\Kniffel.Original.Tests\Kniffel.Original.Tests.csproj", "{920B4F4D-DE7B-4459-A9FE-E7694A419D41}"
EndProject
Project("{9A19103F-16F7-4668-BE54-9A1E7A4F7556}") = "Adapter.Original", "04_Adapter\Adapter.Original\Adapter.Original.csproj", "{F726FFD4-3D69-4A58-8061-7A147F89E050}"
EndProject
Project("{9A19103F-16F7-4668-BE54-9A1E7A4F7556}") = "Adapter.Refactored", "04_Adapter\Adapter.Refactored\Adapter.Refactored.csproj", "{F2448819-6B40-4031-8F54-E9B62BD10EDA}"
EndProject
Global
	GlobalSection(SolutionConfigurationPlatforms) = preSolution
		Debug|Any CPU = Debug|Any CPU
		Release|Any CPU = Release|Any CPU
	EndGlobalSection
	GlobalSection(ProjectConfigurationPlatforms) = postSolution
		{311515D7-738A-4A8B-8EDF-A20918101FD1}.Debug|Any CPU.ActiveCfg = Debug|Any CPU
		{311515D7-738A-4A8B-8EDF-A20918101FD1}.Debug|Any CPU.Build.0 = Debug|Any CPU
		{311515D7-738A-4A8B-8EDF-A20918101FD1}.Release|Any CPU.ActiveCfg = Release|Any CPU
		{311515D7-738A-4A8B-8EDF-A20918101FD1}.Release|Any CPU.Build.0 = Release|Any CPU
		{2E0C825B-6582-4524-A0C8-A65B31826F4C}.Debug|Any CPU.ActiveCfg = Debug|Any CPU
		{2E0C825B-6582-4524-A0C8-A65B31826F4C}.Debug|Any CPU.Build.0 = Debug|Any CPU
		{2E0C825B-6582-4524-A0C8-A65B31826F4C}.Release|Any CPU.ActiveCfg = Release|Any CPU
		{2E0C825B-6582-4524-A0C8-A65B31826F4C}.Release|Any CPU.Build.0 = Release|Any CPU
		{8E3FEEEC-60B7-4CE3-9325-0FA90DABE519}.Debug|Any CPU.ActiveCfg = Debug|Any CPU
		{8E3FEEEC-60B7-4CE3-9325-0FA90DABE519}.Debug|Any CPU.Build.0 = Debug|Any CPU
		{8E3FEEEC-60B7-4CE3-9325-0FA90DABE519}.Release|Any CPU.ActiveCfg = Release|Any CPU
		{8E3FEEEC-60B7-4CE3-9325-0FA90DABE519}.Release|Any CPU.Build.0 = Release|Any CPU
		{CEF4B981-AA1B-4538-935D-F5B6AA91DD11}.Debug|Any CPU.ActiveCfg = Debug|Any CPU
		{CEF4B981-AA1B-4538-935D-F5B6AA91DD11}.Debug|Any CPU.Build.0 = Debug|Any CPU
		{CEF4B981-AA1B-4538-935D-F5B6AA91DD11}.Release|Any CPU.ActiveCfg = Release|Any CPU
		{CEF4B981-AA1B-4538-935D-F5B6AA91DD11}.Release|Any CPU.Build.0 = Release|Any CPU
		{8E873551-1912-443F-89CD-05304156DBA1}.Debug|Any CPU.ActiveCfg = Debug|Any CPU
		{8E873551-1912-443F-89CD-05304156DBA1}.Debug|Any CPU.Build.0 = Debug|Any CPU
		{8E873551-1912-443F-89CD-05304156DBA1}.Release|Any CPU.ActiveCfg = Release|Any CPU
		{8E873551-1912-443F-89CD-05304156DBA1}.Release|Any CPU.Build.0 = Release|Any CPU
		{C9CEBEC9-0F82-49DF-901A-F4997BBC9931}.Debug|Any CPU.ActiveCfg = Debug|Any CPU
		{C9CEBEC9-0F82-49DF-901A-F4997BBC9931}.Debug|Any CPU.Build.0 = Debug|Any CPU
		{C9CEBEC9-0F82-49DF-901A-F4997BBC9931}.Release|Any CPU.ActiveCfg = Release|Any CPU
		{C9CEBEC9-0F82-49DF-901A-F4997BBC9931}.Release|Any CPU.Build.0 = Release|Any CPU
		{26541E1B-B751-407F-A87C-A298FA4F97A6}.Debug|Any CPU.ActiveCfg = Debug|Any CPU
		{26541E1B-B751-407F-A87C-A298FA4F97A6}.Debug|Any CPU.Build.0 = Debug|Any CPU
		{26541E1B-B751-407F-A87C-A298FA4F97A6}.Release|Any CPU.ActiveCfg = Release|Any CPU
		{26541E1B-B751-407F-A87C-A298FA4F97A6}.Release|Any CPU.Build.0 = Release|Any CPU
		{EA3CC322-0673-43DD-8297-B58829C98DC2}.Debug|Any CPU.ActiveCfg = Debug|Any CPU
		{EA3CC322-0673-43DD-8297-B58829C98DC2}.Debug|Any CPU.Build.0 = Debug|Any CPU
		{EA3CC322-0673-43DD-8297-B58829C98DC2}.Release|Any CPU.ActiveCfg = Release|Any CPU
		{EA3CC322-0673-43DD-8297-B58829C98DC2}.Release|Any CPU.Build.0 = Release|Any CPU
		{EF6C547C-636D-479C-B871-8D6CF46D3F2C}.Debug|Any CPU.ActiveCfg = Debug|Any CPU
		{EF6C547C-636D-479C-B871-8D6CF46D3F2C}.Debug|Any CPU.Build.0 = Debug|Any CPU
		{EF6C547C-636D-479C-B871-8D6CF46D3F2C}.Release|Any CPU.ActiveCfg = Release|Any CPU
		{EF6C547C-636D-479C-B871-8D6CF46D3F2C}.Release|Any CPU.Build.0 = Release|Any CPU
		{FEB66EC2-1441-4FC6-8357-C43C1B1F3B00}.Debug|Any CPU.ActiveCfg = Debug|Any CPU
		{FEB66EC2-1441-4FC6-8357-C43C1B1F3B00}.Debug|Any CPU.Build.0 = Debug|Any CPU
		{FEB66EC2-1441-4FC6-8357-C43C1B1F3B00}.Release|Any CPU.ActiveCfg = Release|Any CPU
		{FEB66EC2-1441-4FC6-8357-C43C1B1F3B00}.Release|Any CPU.Build.0 = Release|Any CPU
		{7C6AFFCD-A146-4E84-AB03-C4AF50DDE3D6}.Debug|Any CPU.ActiveCfg = Debug|Any CPU
		{7C6AFFCD-A146-4E84-AB03-C4AF50DDE3D6}.Debug|Any CPU.Build.0 = Debug|Any CPU
		{7C6AFFCD-A146-4E84-AB03-C4AF50DDE3D6}.Release|Any CPU.ActiveCfg = Release|Any CPU
		{7C6AFFCD-A146-4E84-AB03-C4AF50DDE3D6}.Release|Any CPU.Build.0 = Release|Any CPU
		{067EDA01-194A-4DD9-A61A-A88423A4E0DE}.Debug|Any CPU.ActiveCfg = Debug|Any CPU
		{067EDA01-194A-4DD9-A61A-A88423A4E0DE}.Debug|Any CPU.Build.0 = Debug|Any CPU
		{067EDA01-194A-4DD9-A61A-A88423A4E0DE}.Release|Any CPU.ActiveCfg = Release|Any CPU
		{067EDA01-194A-4DD9-A61A-A88423A4E0DE}.Release|Any CPU.Build.0 = Release|Any CPU
		{A884F31B-D4E8-432D-81F9-36D278CF89E7}.Debug|Any CPU.ActiveCfg = Debug|Any CPU
		{A884F31B-D4E8-432D-81F9-36D278CF89E7}.Debug|Any CPU.Build.0 = Debug|Any CPU
		{A884F31B-D4E8-432D-81F9-36D278CF89E7}.Release|Any CPU.ActiveCfg = Release|Any CPU
		{A884F31B-D4E8-432D-81F9-36D278CF89E7}.Release|Any CPU.Build.0 = Release|Any CPU
		{5B870954-AC3C-41BF-8A34-BAFD646D5624}.Debug|Any CPU.ActiveCfg = Debug|Any CPU
		{5B870954-AC3C-41BF-8A34-BAFD646D5624}.Debug|Any CPU.Build.0 = Debug|Any CPU
		{5B870954-AC3C-41BF-8A34-BAFD646D5624}.Release|Any CPU.ActiveCfg = Release|Any CPU
		{5B870954-AC3C-41BF-8A34-BAFD646D5624}.Release|Any CPU.Build.0 = Release|Any CPU
		{BBABD649-368E-401A-9727-333B1D6E4911}.Debug|Any CPU.ActiveCfg = Debug|Any CPU
		{BBABD649-368E-401A-9727-333B1D6E4911}.Debug|Any CPU.Build.0 = Debug|Any CPU
		{BBABD649-368E-401A-9727-333B1D6E4911}.Release|Any CPU.ActiveCfg = Release|Any CPU
		{BBABD649-368E-401A-9727-333B1D6E4911}.Release|Any CPU.Build.0 = Release|Any CPU
		{BD5E6436-F610-4620-9BE7-6F3701067727}.Debug|Any CPU.ActiveCfg = Debug|Any CPU
		{BD5E6436-F610-4620-9BE7-6F3701067727}.Debug|Any CPU.Build.0 = Debug|Any CPU
		{BD5E6436-F610-4620-9BE7-6F3701067727}.Release|Any CPU.ActiveCfg = Release|Any CPU
		{BD5E6436-F610-4620-9BE7-6F3701067727}.Release|Any CPU.Build.0 = Release|Any CPU
		{50623823-8E38-47F8-BC50-98B2965D378D}.Debug|Any CPU.ActiveCfg = Debug|Any CPU
		{50623823-8E38-47F8-BC50-98B2965D378D}.Debug|Any CPU.Build.0 = Debug|Any CPU
		{50623823-8E38-47F8-BC50-98B2965D378D}.Release|Any CPU.ActiveCfg = Release|Any CPU
		{50623823-8E38-47F8-BC50-98B2965D378D}.Release|Any CPU.Build.0 = Release|Any CPU
		{934F7796-2F0D-4672-98B4-2FB82B067789}.Debug|Any CPU.ActiveCfg = Debug|Any CPU
		{934F7796-2F0D-4672-98B4-2FB82B067789}.Debug|Any CPU.Build.0 = Debug|Any CPU
		{934F7796-2F0D-4672-98B4-2FB82B067789}.Release|Any CPU.ActiveCfg = Release|Any CPU
		{934F7796-2F0D-4672-98B4-2FB82B067789}.Release|Any CPU.Build.0 = Release|Any CPU
		{7DD0D4ED-3F6F-4376-915F-2BBD227D83BE}.Debug|Any CPU.ActiveCfg = Debug|Any CPU
		{7DD0D4ED-3F6F-4376-915F-2BBD227D83BE}.Debug|Any CPU.Build.0 = Debug|Any CPU
		{7DD0D4ED-3F6F-4376-915F-2BBD227D83BE}.Release|Any CPU.ActiveCfg = Release|Any CPU
		{7DD0D4ED-3F6F-4376-915F-2BBD227D83BE}.Release|Any CPU.Build.0 = Release|Any CPU
		{F4AD96AC-D3A9-40A1-963B-406F86E3A8B7}.Debug|Any CPU.ActiveCfg = Debug|Any CPU
		{F4AD96AC-D3A9-40A1-963B-406F86E3A8B7}.Debug|Any CPU.Build.0 = Debug|Any CPU
		{F4AD96AC-D3A9-40A1-963B-406F86E3A8B7}.Release|Any CPU.ActiveCfg = Release|Any CPU
		{F4AD96AC-D3A9-40A1-963B-406F86E3A8B7}.Release|Any CPU.Build.0 = Release|Any CPU
		{333E15AA-86EA-43E7-A702-CBC5420C8205}.Debug|Any CPU.ActiveCfg = Debug|Any CPU
		{333E15AA-86EA-43E7-A702-CBC5420C8205}.Debug|Any CPU.Build.0 = Debug|Any CPU
		{333E15AA-86EA-43E7-A702-CBC5420C8205}.Release|Any CPU.ActiveCfg = Release|Any CPU
		{333E15AA-86EA-43E7-A702-CBC5420C8205}.Release|Any CPU.Build.0 = Release|Any CPU
		{35EAE196-63B8-41A8-8219-AEDC1E488369}.Debug|Any CPU.ActiveCfg = Debug|Any CPU
		{35EAE196-63B8-41A8-8219-AEDC1E488369}.Debug|Any CPU.Build.0 = Debug|Any CPU
		{35EAE196-63B8-41A8-8219-AEDC1E488369}.Release|Any CPU.ActiveCfg = Release|Any CPU
		{35EAE196-63B8-41A8-8219-AEDC1E488369}.Release|Any CPU.Build.0 = Release|Any CPU
		{E3555634-3C17-43DB-9ECA-427C628EBAE8}.Debug|Any CPU.ActiveCfg = Debug|Any CPU
		{E3555634-3C17-43DB-9ECA-427C628EBAE8}.Debug|Any CPU.Build.0 = Debug|Any CPU
		{E3555634-3C17-43DB-9ECA-427C628EBAE8}.Release|Any CPU.ActiveCfg = Release|Any CPU
		{E3555634-3C17-43DB-9ECA-427C628EBAE8}.Release|Any CPU.Build.0 = Release|Any CPU
		{286554FE-2CFD-4648-AAC3-A3FD551C6957}.Debug|Any CPU.ActiveCfg = Debug|Any CPU
		{286554FE-2CFD-4648-AAC3-A3FD551C6957}.Debug|Any CPU.Build.0 = Debug|Any CPU
		{286554FE-2CFD-4648-AAC3-A3FD551C6957}.Release|Any CPU.ActiveCfg = Release|Any CPU
		{286554FE-2CFD-4648-AAC3-A3FD551C6957}.Release|Any CPU.Build.0 = Release|Any CPU
		{28312F47-283A-4F9C-A20F-BF6CDC3B1F0D}.Debug|Any CPU.ActiveCfg = Debug|Any CPU
		{28312F47-283A-4F9C-A20F-BF6CDC3B1F0D}.Debug|Any CPU.Build.0 = Debug|Any CPU
		{28312F47-283A-4F9C-A20F-BF6CDC3B1F0D}.Release|Any CPU.ActiveCfg = Release|Any CPU
		{28312F47-283A-4F9C-A20F-BF6CDC3B1F0D}.Release|Any CPU.Build.0 = Release|Any CPU
		{25F9F8C9-720C-4F8A-B087-729F4AE44515}.Debug|Any CPU.ActiveCfg = Debug|Any CPU
		{25F9F8C9-720C-4F8A-B087-729F4AE44515}.Debug|Any CPU.Build.0 = Debug|Any CPU
		{25F9F8C9-720C-4F8A-B087-729F4AE44515}.Release|Any CPU.ActiveCfg = Release|Any CPU
		{25F9F8C9-720C-4F8A-B087-729F4AE44515}.Release|Any CPU.Build.0 = Release|Any CPU
		{0F3EBBE8-72C7-4B86-8CD7-19F34EEF0655}.Debug|Any CPU.ActiveCfg = Debug|Any CPU
		{0F3EBBE8-72C7-4B86-8CD7-19F34EEF0655}.Debug|Any CPU.Build.0 = Debug|Any CPU
		{0F3EBBE8-72C7-4B86-8CD7-19F34EEF0655}.Release|Any CPU.ActiveCfg = Release|Any CPU
		{0F3EBBE8-72C7-4B86-8CD7-19F34EEF0655}.Release|Any CPU.Build.0 = Release|Any CPU
		{CD668D95-705E-40F2-9FD0-CD85C1D2FFA7}.Debug|Any CPU.ActiveCfg = Debug|Any CPU
		{CD668D95-705E-40F2-9FD0-CD85C1D2FFA7}.Debug|Any CPU.Build.0 = Debug|Any CPU
		{CD668D95-705E-40F2-9FD0-CD85C1D2FFA7}.Release|Any CPU.ActiveCfg = Release|Any CPU
		{CD668D95-705E-40F2-9FD0-CD85C1D2FFA7}.Release|Any CPU.Build.0 = Release|Any CPU
		{5D14EFA1-3483-4031-8290-81132A214E37}.Debug|Any CPU.ActiveCfg = Debug|Any CPU
		{5D14EFA1-3483-4031-8290-81132A214E37}.Debug|Any CPU.Build.0 = Debug|Any CPU
		{5D14EFA1-3483-4031-8290-81132A214E37}.Release|Any CPU.ActiveCfg = Release|Any CPU
		{5D14EFA1-3483-4031-8290-81132A214E37}.Release|Any CPU.Build.0 = Release|Any CPU
		{578D5B76-73C2-472B-B949-38F73B398CA1}.Debug|Any CPU.ActiveCfg = Debug|Any CPU
		{578D5B76-73C2-472B-B949-38F73B398CA1}.Debug|Any CPU.Build.0 = Debug|Any CPU
		{578D5B76-73C2-472B-B949-38F73B398CA1}.Release|Any CPU.ActiveCfg = Release|Any CPU
		{578D5B76-73C2-472B-B949-38F73B398CA1}.Release|Any CPU.Build.0 = Release|Any CPU
		{F0C3185F-9344-4893-99AC-2EFB472E3B54}.Debug|Any CPU.ActiveCfg = Debug|Any CPU
		{F0C3185F-9344-4893-99AC-2EFB472E3B54}.Debug|Any CPU.Build.0 = Debug|Any CPU
		{F0C3185F-9344-4893-99AC-2EFB472E3B54}.Release|Any CPU.ActiveCfg = Release|Any CPU
		{F0C3185F-9344-4893-99AC-2EFB472E3B54}.Release|Any CPU.Build.0 = Release|Any CPU
		{6BED8C43-3B1D-441A-A501-280C344243C7}.Debug|Any CPU.ActiveCfg = Debug|Any CPU
		{6BED8C43-3B1D-441A-A501-280C344243C7}.Debug|Any CPU.Build.0 = Debug|Any CPU
		{6BED8C43-3B1D-441A-A501-280C344243C7}.Release|Any CPU.ActiveCfg = Release|Any CPU
		{6BED8C43-3B1D-441A-A501-280C344243C7}.Release|Any CPU.Build.0 = Release|Any CPU
		{920B4F4D-DE7B-4459-A9FE-E7694A419D41}.Debug|Any CPU.ActiveCfg = Debug|Any CPU
		{920B4F4D-DE7B-4459-A9FE-E7694A419D41}.Debug|Any CPU.Build.0 = Debug|Any CPU
		{920B4F4D-DE7B-4459-A9FE-E7694A419D41}.Release|Any CPU.ActiveCfg = Release|Any CPU
		{920B4F4D-DE7B-4459-A9FE-E7694A419D41}.Release|Any CPU.Build.0 = Release|Any CPU
		{F726FFD4-3D69-4A58-8061-7A147F89E050}.Debug|Any CPU.ActiveCfg = Debug|Any CPU
		{F726FFD4-3D69-4A58-8061-7A147F89E050}.Debug|Any CPU.Build.0 = Debug|Any CPU
		{F726FFD4-3D69-4A58-8061-7A147F89E050}.Release|Any CPU.ActiveCfg = Release|Any CPU
		{F726FFD4-3D69-4A58-8061-7A147F89E050}.Release|Any CPU.Build.0 = Release|Any CPU
		{F2448819-6B40-4031-8F54-E9B62BD10EDA}.Debug|Any CPU.ActiveCfg = Debug|Any CPU
		{F2448819-6B40-4031-8F54-E9B62BD10EDA}.Debug|Any CPU.Build.0 = Debug|Any CPU
		{F2448819-6B40-4031-8F54-E9B62BD10EDA}.Release|Any CPU.ActiveCfg = Release|Any CPU
		{F2448819-6B40-4031-8F54-E9B62BD10EDA}.Release|Any CPU.Build.0 = Release|Any CPU
	EndGlobalSection
	GlobalSection(SolutionProperties) = preSolution
		HideSolutionNode = FALSE
	EndGlobalSection
	GlobalSection(NestedProjects) = preSolution
		{311515D7-738A-4A8B-8EDF-A20918101FD1} = {2750BC9B-1A89-4F23-83D2-DDA7F3E3CC1B}
		{2E0C825B-6582-4524-A0C8-A65B31826F4C} = {2750BC9B-1A89-4F23-83D2-DDA7F3E3CC1B}
		{8E3FEEEC-60B7-4CE3-9325-0FA90DABE519} = {8E26F238-DEC6-48E9-B7E4-BF39156973CD}
		{CEF4B981-AA1B-4538-935D-F5B6AA91DD11} = {8E26F238-DEC6-48E9-B7E4-BF39156973CD}
		{8E873551-1912-443F-89CD-05304156DBA1} = {FC14090B-F112-4582-8180-CB58EC9F4561}
		{C9CEBEC9-0F82-49DF-901A-F4997BBC9931} = {FC14090B-F112-4582-8180-CB58EC9F4561}
		{6D0200E9-709E-4E6D-840C-52FD950AA0EF} = {B396B2DC-86E3-4288-AD69-3D7767C05E36}
		{136E6709-6ACB-4D9A-B09C-EBDCEAF6D52A} = {B396B2DC-86E3-4288-AD69-3D7767C05E36}
		{4C99C899-0C44-4D12-911B-75CDAE008385} = {B396B2DC-86E3-4288-AD69-3D7767C05E36}
		{CD00244C-5545-4286-8538-7E64632CDC9B} = {B396B2DC-86E3-4288-AD69-3D7767C05E36}
		{2750BC9B-1A89-4F23-83D2-DDA7F3E3CC1B} = {059FAF95-6599-4331-8D2E-CB7BC82C4AC8}
		{8E26F238-DEC6-48E9-B7E4-BF39156973CD} = {059FAF95-6599-4331-8D2E-CB7BC82C4AC8}
		{FC14090B-F112-4582-8180-CB58EC9F4561} = {059FAF95-6599-4331-8D2E-CB7BC82C4AC8}
		{26541E1B-B751-407F-A87C-A298FA4F97A6} = {6D0200E9-709E-4E6D-840C-52FD950AA0EF}
		{EA3CC322-0673-43DD-8297-B58829C98DC2} = {136E6709-6ACB-4D9A-B09C-EBDCEAF6D52A}
		{EF6C547C-636D-479C-B871-8D6CF46D3F2C} = {136E6709-6ACB-4D9A-B09C-EBDCEAF6D52A}
		{FEB66EC2-1441-4FC6-8357-C43C1B1F3B00} = {4C99C899-0C44-4D12-911B-75CDAE008385}
		{7C6AFFCD-A146-4E84-AB03-C4AF50DDE3D6} = {4C99C899-0C44-4D12-911B-75CDAE008385}
		{067EDA01-194A-4DD9-A61A-A88423A4E0DE} = {CD00244C-5545-4286-8538-7E64632CDC9B}
		{A884F31B-D4E8-432D-81F9-36D278CF89E7} = {CD00244C-5545-4286-8538-7E64632CDC9B}
		{502E8946-9512-42CD-A404-70B441890EFD} = {D0C2F955-6319-4C0E-89C1-F99237344A7A}
		{977800E4-29B5-4A6E-85A8-F3DED593AEFF} = {D0C2F955-6319-4C0E-89C1-F99237344A7A}
		{5B870954-AC3C-41BF-8A34-BAFD646D5624} = {7F7B3123-34C5-4FA3-9461-CDEA44FBE499}
		{7F7B3123-34C5-4FA3-9461-CDEA44FBE499} = {E89992C4-A4CB-48F8-952D-94D238C5D4D8}
		{6F25001F-904B-4DCE-9B79-64144A5EFCB0} = {E89992C4-A4CB-48F8-952D-94D238C5D4D8}
		{4D3AB321-5A69-4A5C-BBEC-31C9AE2564F6} = {E89992C4-A4CB-48F8-952D-94D238C5D4D8}
		{BBABD649-368E-401A-9727-333B1D6E4911} = {4D3AB321-5A69-4A5C-BBEC-31C9AE2564F6}
		{BD5E6436-F610-4620-9BE7-6F3701067727} = {4D3AB321-5A69-4A5C-BBEC-31C9AE2564F6}
		{50623823-8E38-47F8-BC50-98B2965D378D} = {6F25001F-904B-4DCE-9B79-64144A5EFCB0}
		{934F7796-2F0D-4672-98B4-2FB82B067789} = {6F25001F-904B-4DCE-9B79-64144A5EFCB0}
		{9DA26192-AD5E-4110-99DE-4B08F6E90CE6} = {E89992C4-A4CB-48F8-952D-94D238C5D4D8}
		{7DD0D4ED-3F6F-4376-915F-2BBD227D83BE} = {9DA26192-AD5E-4110-99DE-4B08F6E90CE6}
		{F4AD96AC-D3A9-40A1-963B-406F86E3A8B7} = {9DA26192-AD5E-4110-99DE-4B08F6E90CE6}
		{333E15AA-86EA-43E7-A702-CBC5420C8205} = {0EF55607-5B22-47F3-AE21-37BEC2400408}
		{9610A72D-5B71-4279-8925-C852EBAA3200} = {E7962031-85A0-481A-BB2A-F47FA2C98369}
		{1157BEE0-2377-4117-AC4C-33E4076A65F0} = {E7962031-85A0-481A-BB2A-F47FA2C98369}
		{C69D63D1-E6B0-4BF4-8506-E94226D621E8} = {D0C2F955-6319-4C0E-89C1-F99237344A7A}
		{1E6E5C82-15A7-4D20-AEE9-D73446C25AC8} = {E7962031-85A0-481A-BB2A-F47FA2C98369}
		{35EAE196-63B8-41A8-8219-AEDC1E488369} = {EA6E2E2E-AE19-4BEA-82E7-690FC2B74085}
		{E3555634-3C17-43DB-9ECA-427C628EBAE8} = {EA6E2E2E-AE19-4BEA-82E7-690FC2B74085}
		{286554FE-2CFD-4648-AAC3-A3FD551C6957} = {EA6E2E2E-AE19-4BEA-82E7-690FC2B74085}
		{28312F47-283A-4F9C-A20F-BF6CDC3B1F0D} = {EA6E2E2E-AE19-4BEA-82E7-690FC2B74085}
		{25F9F8C9-720C-4F8A-B087-729F4AE44515} = {EA6E2E2E-AE19-4BEA-82E7-690FC2B74085}
		{0F3EBBE8-72C7-4B86-8CD7-19F34EEF0655} = {EA6E2E2E-AE19-4BEA-82E7-690FC2B74085}
		{CD668D95-705E-40F2-9FD0-CD85C1D2FFA7} = {977800E4-29B5-4A6E-85A8-F3DED593AEFF}
		{5D14EFA1-3483-4031-8290-81132A214E37} = {502E8946-9512-42CD-A404-70B441890EFD}
		{578D5B76-73C2-472B-B949-38F73B398CA1} = {7A16C827-565D-46AD-92A7-BB25A37189AF}
		{F0C3185F-9344-4893-99AC-2EFB472E3B54} = {7A16C827-565D-46AD-92A7-BB25A37189AF}
		{6BED8C43-3B1D-441A-A501-280C344243C7} = {7A16C827-565D-46AD-92A7-BB25A37189AF}
		{920B4F4D-DE7B-4459-A9FE-E7694A419D41} = {7A16C827-565D-46AD-92A7-BB25A37189AF}
		{F726FFD4-3D69-4A58-8061-7A147F89E050} = {9610A72D-5B71-4279-8925-C852EBAA3200}
		{F2448819-6B40-4031-8F54-E9B62BD10EDA} = {1157BEE0-2377-4117-AC4C-33E4076A65F0}
	EndGlobalSection
	GlobalSection(ExtensibilityGlobals) = postSolution
		SolutionGuid = {53ECCFEC-A574-48C6-8787-56F483DC5AD0}
	EndGlobalSection
EndGlobal
