
Microsoft Visual Studio Solution File, Format Version 12.00
# Visual Studio Version 17
VisualStudioVersion = 17.3.32825.248
MinimumVisualStudioVersion = 10.0.40219.1
Project("{2150E333-8FDC-42A3-9474-1A3956D46DE8}") = "1 Basics", "1 Basics", "{B396B2DC-86E3-4288-AD69-3D7767C05E36}"
EndProject
Project("{2150E333-8FDC-42A3-9474-1A3956D46DE8}") = "2 State", "2 State", "{059FAF95-6599-4331-8D2E-CB7BC82C4AC8}"
EndProject
Project("{FAE04EC0-301F-11D3-BF4B-00C04F79EFBC}") = "TicTacToe.Original", "Refactoring.Basics\TicTacToe.Original\TicTacToe.Original.csproj", "{26541E1B-B751-407F-A87C-A298FA4F97A6}"
EndProject
Project("{FAE04EC0-301F-11D3-BF4B-00C04F79EFBC}") = "TicTacToe.Step1", "Refactoring.Basics\TicTacToe.Step1\TicTacToe.Step1.csproj", "{EA3CC322-0673-43DD-8297-B58829C98DC2}"
EndProject
Project("{FAE04EC0-301F-11D3-BF4B-00C04F79EFBC}") = "TicTacToe.Step2", "Refactoring.Basics\TicTacToe.Step2\TicTacToe.Step2.csproj", "{FEB66EC2-1441-4FC6-8357-C43C1B1F3B00}"
EndProject
Project("{FAE04EC0-301F-11D3-BF4B-00C04F79EFBC}") = "TicTacToe.Step2.Tests", "Refactoring.Basics\TicTacToe.Step2.Tests\TicTacToe.Step2.Tests.csproj", "{7C6AFFCD-A146-4E84-AB03-C4AF50DDE3D6}"
EndProject
Project("{FAE04EC0-301F-11D3-BF4B-00C04F79EFBC}") = "TicTacToe.Step3", "Refactoring.Basics\TicTacToe.Step3\TicTacToe.Step3.csproj", "{067EDA01-194A-4DD9-A61A-A88423A4E0DE}"
EndProject
Project("{FAE04EC0-301F-11D3-BF4B-00C04F79EFBC}") = "TicTacToe.Step3.Tests", "Refactoring.Basics\TicTacToe.Step3.Tests\TicTacToe.Step3.Tests.csproj", "{A884F31B-D4E8-432D-81F9-36D278CF89E7}"
EndProject
Project("{FAE04EC0-301F-11D3-BF4B-00C04F79EFBC}") = "State.Original", "Refactoring.State\State.Original\State.Original.csproj", "{311515D7-738A-4A8B-8EDF-A20918101FD1}"
EndProject
Project("{FAE04EC0-301F-11D3-BF4B-00C04F79EFBC}") = "State.Original.Tests", "Refactoring.State\State.Original.Tests\State.Original.Tests.csproj", "{2E0C825B-6582-4524-A0C8-A65B31826F4C}"
EndProject
Project("{FAE04EC0-301F-11D3-BF4B-00C04F79EFBC}") = "State.Exercise", "Refactoring.State\State.Exercise\State.Exercise.csproj", "{8E3FEEEC-60B7-4CE3-9325-0FA90DABE519}"
EndProject
Project("{FAE04EC0-301F-11D3-BF4B-00C04F79EFBC}") = "State.Exercise.Tests", "Refactoring.State\State.Exercise.Tests\State.Exercise.Tests.csproj", "{CEF4B981-AA1B-4538-935D-F5B6AA91DD11}"
EndProject
Project("{FAE04EC0-301F-11D3-BF4B-00C04F79EFBC}") = "State.Refactored", "Refactoring.State\State.Refactored\State.Refactored.csproj", "{8E873551-1912-443F-89CD-05304156DBA1}"
EndProject
Project("{FAE04EC0-301F-11D3-BF4B-00C04F79EFBC}") = "State.Refactored.Tests", "Refactoring.State\State.Refactored.Tests\State.Refactored.Tests.csproj", "{C9CEBEC9-0F82-49DF-901A-F4997BBC9931}"
EndProject
Project("{2150E333-8FDC-42A3-9474-1A3956D46DE8}") = "1.1 Original", "1.1 Original", "{6D0200E9-709E-4E6D-840C-52FD950AA0EF}"
EndProject
Project("{2150E333-8FDC-42A3-9474-1A3956D46DE8}") = "1.2 Approval Tests", "1.2 Approval Tests", "{136E6709-6ACB-4D9A-B09C-EBDCEAF6D52A}"
EndProject
Project("{FAE04EC0-301F-11D3-BF4B-00C04F79EFBC}") = "TicTacToe.Step1.Tests", "Refactoring.Basics\TicTacToe.Step1.Tests\TicTacToe.Step1.Tests.csproj", "{EF6C547C-636D-479C-B871-8D6CF46D3F2C}"
EndProject
Project("{2150E333-8FDC-42A3-9474-1A3956D46DE8}") = "1.3 Excercise", "1.3 Excercise", "{4C99C899-0C44-4D12-911B-75CDAE008385}"
EndProject
Project("{2150E333-8FDC-42A3-9474-1A3956D46DE8}") = "1.4 Refactored", "1.4 Refactored", "{CD00244C-5545-4286-8538-7E64632CDC9B}"
EndProject
Project("{2150E333-8FDC-42A3-9474-1A3956D46DE8}") = "2.1 Original", "2.1 Original", "{2750BC9B-1A89-4F23-83D2-DDA7F3E3CC1B}"
EndProject
Project("{2150E333-8FDC-42A3-9474-1A3956D46DE8}") = "2.2 Exercise", "2.2 Exercise", "{8E26F238-DEC6-48E9-B7E4-BF39156973CD}"
EndProject
Project("{2150E333-8FDC-42A3-9474-1A3956D46DE8}") = "2.3 Refactored", "2.3 Refactored", "{FC14090B-F112-4582-8180-CB58EC9F4561}"
EndProject
Global
	GlobalSection(SolutionConfigurationPlatforms) = preSolution
		Debug|Any CPU = Debug|Any CPU
		Release|Any CPU = Release|Any CPU
	EndGlobalSection
	GlobalSection(ProjectConfigurationPlatforms) = postSolution
		{26541E1B-B751-407F-A87C-A298FA4F97A6}.Debug|Any CPU.ActiveCfg = Debug|Any CPU
		{26541E1B-B751-407F-A87C-A298FA4F97A6}.Debug|Any CPU.Build.0 = Debug|Any CPU
		{26541E1B-B751-407F-A87C-A298FA4F97A6}.Release|Any CPU.ActiveCfg = Release|Any CPU
		{26541E1B-B751-407F-A87C-A298FA4F97A6}.Release|Any CPU.Build.0 = Release|Any CPU
		{EA3CC322-0673-43DD-8297-B58829C98DC2}.Debug|Any CPU.ActiveCfg = Debug|Any CPU
		{EA3CC322-0673-43DD-8297-B58829C98DC2}.Debug|Any CPU.Build.0 = Debug|Any CPU
		{EA3CC322-0673-43DD-8297-B58829C98DC2}.Release|Any CPU.ActiveCfg = Release|Any CPU
		{EA3CC322-0673-43DD-8297-B58829C98DC2}.Release|Any CPU.Build.0 = Release|Any CPU
		{FEB66EC2-1441-4FC6-8357-C43C1B1F3B00}.Debug|Any CPU.ActiveCfg = Debug|Any CPU
		{FEB66EC2-1441-4FC6-8357-C43C1B1F3B00}.Debug|Any CPU.Build.0 = Debug|Any CPU
		{FEB66EC2-1441-4FC6-8357-C43C1B1F3B00}.Release|Any CPU.ActiveCfg = Release|Any CPU
		{FEB66EC2-1441-4FC6-8357-C43C1B1F3B00}.Release|Any CPU.Build.0 = Release|Any CPU
		{7C6AFFCD-A146-4E84-AB03-C4AF50DDE3D6}.Debug|Any CPU.ActiveCfg = Debug|Any CPU
		{7C6AFFCD-A146-4E84-AB03-C4AF50DDE3D6}.Debug|Any CPU.Build.0 = Debug|Any CPU
		{7C6AFFCD-A146-4E84-AB03-C4AF50DDE3D6}.Release|Any CPU.ActiveCfg = Release|Any CPU
		{7C6AFFCD-A146-4E84-AB03-C4AF50DDE3D6}.Release|Any CPU.Build.0 = Release|Any CPU
		{067EDA01-194A-4DD9-A61A-A88423A4E0DE}.Debug|Any CPU.ActiveCfg = Debug|Any CPU
		{067EDA01-194A-4DD9-A61A-A88423A4E0DE}.Debug|Any CPU.Build.0 = Debug|Any CPU
		{067EDA01-194A-4DD9-A61A-A88423A4E0DE}.Release|Any CPU.ActiveCfg = Release|Any CPU
		{067EDA01-194A-4DD9-A61A-A88423A4E0DE}.Release|Any CPU.Build.0 = Release|Any CPU
		{A884F31B-D4E8-432D-81F9-36D278CF89E7}.Debug|Any CPU.ActiveCfg = Debug|Any CPU
		{A884F31B-D4E8-432D-81F9-36D278CF89E7}.Debug|Any CPU.Build.0 = Debug|Any CPU
		{A884F31B-D4E8-432D-81F9-36D278CF89E7}.Release|Any CPU.ActiveCfg = Release|Any CPU
		{A884F31B-D4E8-432D-81F9-36D278CF89E7}.Release|Any CPU.Build.0 = Release|Any CPU
		{311515D7-738A-4A8B-8EDF-A20918101FD1}.Debug|Any CPU.ActiveCfg = Debug|Any CPU
		{311515D7-738A-4A8B-8EDF-A20918101FD1}.Debug|Any CPU.Build.0 = Debug|Any CPU
		{311515D7-738A-4A8B-8EDF-A20918101FD1}.Release|Any CPU.ActiveCfg = Release|Any CPU
		{311515D7-738A-4A8B-8EDF-A20918101FD1}.Release|Any CPU.Build.0 = Release|Any CPU
		{2E0C825B-6582-4524-A0C8-A65B31826F4C}.Debug|Any CPU.ActiveCfg = Debug|Any CPU
		{2E0C825B-6582-4524-A0C8-A65B31826F4C}.Debug|Any CPU.Build.0 = Debug|Any CPU
		{2E0C825B-6582-4524-A0C8-A65B31826F4C}.Release|Any CPU.ActiveCfg = Release|Any CPU
		{2E0C825B-6582-4524-A0C8-A65B31826F4C}.Release|Any CPU.Build.0 = Release|Any CPU
		{8E3FEEEC-60B7-4CE3-9325-0FA90DABE519}.Debug|Any CPU.ActiveCfg = Debug|Any CPU
		{8E3FEEEC-60B7-4CE3-9325-0FA90DABE519}.Debug|Any CPU.Build.0 = Debug|Any CPU
		{8E3FEEEC-60B7-4CE3-9325-0FA90DABE519}.Release|Any CPU.ActiveCfg = Release|Any CPU
		{8E3FEEEC-60B7-4CE3-9325-0FA90DABE519}.Release|Any CPU.Build.0 = Release|Any CPU
		{CEF4B981-AA1B-4538-935D-F5B6AA91DD11}.Debug|Any CPU.ActiveCfg = Debug|Any CPU
		{CEF4B981-AA1B-4538-935D-F5B6AA91DD11}.Debug|Any CPU.Build.0 = Debug|Any CPU
		{CEF4B981-AA1B-4538-935D-F5B6AA91DD11}.Release|Any CPU.ActiveCfg = Release|Any CPU
		{CEF4B981-AA1B-4538-935D-F5B6AA91DD11}.Release|Any CPU.Build.0 = Release|Any CPU
		{8E873551-1912-443F-89CD-05304156DBA1}.Debug|Any CPU.ActiveCfg = Debug|Any CPU
		{8E873551-1912-443F-89CD-05304156DBA1}.Debug|Any CPU.Build.0 = Debug|Any CPU
		{8E873551-1912-443F-89CD-05304156DBA1}.Release|Any CPU.ActiveCfg = Release|Any CPU
		{8E873551-1912-443F-89CD-05304156DBA1}.Release|Any CPU.Build.0 = Release|Any CPU
		{C9CEBEC9-0F82-49DF-901A-F4997BBC9931}.Debug|Any CPU.ActiveCfg = Debug|Any CPU
		{C9CEBEC9-0F82-49DF-901A-F4997BBC9931}.Debug|Any CPU.Build.0 = Debug|Any CPU
		{C9CEBEC9-0F82-49DF-901A-F4997BBC9931}.Release|Any CPU.ActiveCfg = Release|Any CPU
		{C9CEBEC9-0F82-49DF-901A-F4997BBC9931}.Release|Any CPU.Build.0 = Release|Any CPU
		{EF6C547C-636D-479C-B871-8D6CF46D3F2C}.Debug|Any CPU.ActiveCfg = Debug|Any CPU
		{EF6C547C-636D-479C-B871-8D6CF46D3F2C}.Debug|Any CPU.Build.0 = Debug|Any CPU
		{EF6C547C-636D-479C-B871-8D6CF46D3F2C}.Release|Any CPU.ActiveCfg = Release|Any CPU
		{EF6C547C-636D-479C-B871-8D6CF46D3F2C}.Release|Any CPU.Build.0 = Release|Any CPU
	EndGlobalSection
	GlobalSection(SolutionProperties) = preSolution
		HideSolutionNode = FALSE
	EndGlobalSection
	GlobalSection(NestedProjects) = preSolution
		{26541E1B-B751-407F-A87C-A298FA4F97A6} = {6D0200E9-709E-4E6D-840C-52FD950AA0EF}
		{EA3CC322-0673-43DD-8297-B58829C98DC2} = {136E6709-6ACB-4D9A-B09C-EBDCEAF6D52A}
		{FEB66EC2-1441-4FC6-8357-C43C1B1F3B00} = {4C99C899-0C44-4D12-911B-75CDAE008385}
		{7C6AFFCD-A146-4E84-AB03-C4AF50DDE3D6} = {4C99C899-0C44-4D12-911B-75CDAE008385}
		{067EDA01-194A-4DD9-A61A-A88423A4E0DE} = {CD00244C-5545-4286-8538-7E64632CDC9B}
		{A884F31B-D4E8-432D-81F9-36D278CF89E7} = {CD00244C-5545-4286-8538-7E64632CDC9B}
		{311515D7-738A-4A8B-8EDF-A20918101FD1} = {2750BC9B-1A89-4F23-83D2-DDA7F3E3CC1B}
		{2E0C825B-6582-4524-A0C8-A65B31826F4C} = {2750BC9B-1A89-4F23-83D2-DDA7F3E3CC1B}
		{8E3FEEEC-60B7-4CE3-9325-0FA90DABE519} = {8E26F238-DEC6-48E9-B7E4-BF39156973CD}
		{CEF4B981-AA1B-4538-935D-F5B6AA91DD11} = {8E26F238-DEC6-48E9-B7E4-BF39156973CD}
		{8E873551-1912-443F-89CD-05304156DBA1} = {FC14090B-F112-4582-8180-CB58EC9F4561}
		{C9CEBEC9-0F82-49DF-901A-F4997BBC9931} = {FC14090B-F112-4582-8180-CB58EC9F4561}
		{6D0200E9-709E-4E6D-840C-52FD950AA0EF} = {B396B2DC-86E3-4288-AD69-3D7767C05E36}
		{136E6709-6ACB-4D9A-B09C-EBDCEAF6D52A} = {B396B2DC-86E3-4288-AD69-3D7767C05E36}
		{EF6C547C-636D-479C-B871-8D6CF46D3F2C} = {136E6709-6ACB-4D9A-B09C-EBDCEAF6D52A}
		{4C99C899-0C44-4D12-911B-75CDAE008385} = {B396B2DC-86E3-4288-AD69-3D7767C05E36}
		{CD00244C-5545-4286-8538-7E64632CDC9B} = {B396B2DC-86E3-4288-AD69-3D7767C05E36}
		{2750BC9B-1A89-4F23-83D2-DDA7F3E3CC1B} = {059FAF95-6599-4331-8D2E-CB7BC82C4AC8}
		{8E26F238-DEC6-48E9-B7E4-BF39156973CD} = {059FAF95-6599-4331-8D2E-CB7BC82C4AC8}
		{FC14090B-F112-4582-8180-CB58EC9F4561} = {059FAF95-6599-4331-8D2E-CB7BC82C4AC8}
	EndGlobalSection
	GlobalSection(ExtensibilityGlobals) = postSolution
		SolutionGuid = {53ECCFEC-A574-48C6-8787-56F483DC5AD0}
	EndGlobalSection
EndGlobal
