
Microsoft Visual Studio Solution File, Format Version 12.00
# Visual Studio Version 17
VisualStudioVersion = 17.3.32825.248
MinimumVisualStudioVersion = 10.0.40219.1
Project("{FAE04EC0-301F-11D3-BF4B-00C04F79EFBC}") = "Refactoring3.Backend.Original", "Refactoring3.Backend\Refactoring3.Backend.Original.csproj", "{4D049971-E860-4A6A-B1E4-665E9AD96964}"
EndProject
Project("{FAE04EC0-301F-11D3-BF4B-00C04F79EFBC}") = "Refactoring3.Backend.Original.Tests", "Refactoring3.Backend.Original.Tests\Refactoring3.Backend.Original.Tests.csproj", "{D57D7525-B13F-4DB0-95BD-32200A1ED6C3}"
EndProject
Project("{2150E333-8FDC-42A3-9474-1A3956D46DE8}") = "1 Original", "1 Original", "{41F1FDFD-94CF-4D2E-AA91-9BE363DD0410}"
EndProject
Project("{2150E333-8FDC-42A3-9474-1A3956D46DE8}") = "2 Refactored", "2 Refactored", "{93627814-AD4F-4972-ACBA-FF098C29E46E}"
EndProject
Project("{FAE04EC0-301F-11D3-BF4B-00C04F79EFBC}") = "Refactoring3.Backend.Refactored", "Refactoring3.Backend.Refactored\Refactoring3.Backend.Refactored.csproj", "{3876CC41-23F3-4B23-86D4-226786F697C8}"
EndProject
Project("{FAE04EC0-301F-11D3-BF4B-00C04F79EFBC}") = "Refactoring3.Backend.Refactored.Tests", "Refactoring3.Backend.Refactored.Tests\Refactoring3.Backend.Refactored.Tests.csproj", "{A1D52C42-48B9-40FA-9CB9-EAC18B39EB55}"
EndProject
Global
	GlobalSection(SolutionConfigurationPlatforms) = preSolution
		Debug|Any CPU = Debug|Any CPU
		Release|Any CPU = Release|Any CPU
	EndGlobalSection
	GlobalSection(ProjectConfigurationPlatforms) = postSolution
		{4D049971-E860-4A6A-B1E4-665E9AD96964}.Debug|Any CPU.ActiveCfg = Debug|Any CPU
		{4D049971-E860-4A6A-B1E4-665E9AD96964}.Debug|Any CPU.Build.0 = Debug|Any CPU
		{4D049971-E860-4A6A-B1E4-665E9AD96964}.Release|Any CPU.ActiveCfg = Release|Any CPU
		{4D049971-E860-4A6A-B1E4-665E9AD96964}.Release|Any CPU.Build.0 = Release|Any CPU
		{D57D7525-B13F-4DB0-95BD-32200A1ED6C3}.Debug|Any CPU.ActiveCfg = Debug|Any CPU
		{D57D7525-B13F-4DB0-95BD-32200A1ED6C3}.Debug|Any CPU.Build.0 = Debug|Any CPU
		{D57D7525-B13F-4DB0-95BD-32200A1ED6C3}.Release|Any CPU.ActiveCfg = Release|Any CPU
		{D57D7525-B13F-4DB0-95BD-32200A1ED6C3}.Release|Any CPU.Build.0 = Release|Any CPU
		{3876CC41-23F3-4B23-86D4-226786F697C8}.Debug|Any CPU.ActiveCfg = Debug|Any CPU
		{3876CC41-23F3-4B23-86D4-226786F697C8}.Debug|Any CPU.Build.0 = Debug|Any CPU
		{3876CC41-23F3-4B23-86D4-226786F697C8}.Release|Any CPU.ActiveCfg = Release|Any CPU
		{3876CC41-23F3-4B23-86D4-226786F697C8}.Release|Any CPU.Build.0 = Release|Any CPU
		{A1D52C42-48B9-40FA-9CB9-EAC18B39EB55}.Debug|Any CPU.ActiveCfg = Debug|Any CPU
		{A1D52C42-48B9-40FA-9CB9-EAC18B39EB55}.Debug|Any CPU.Build.0 = Debug|Any CPU
		{A1D52C42-48B9-40FA-9CB9-EAC18B39EB55}.Release|Any CPU.ActiveCfg = Release|Any CPU
		{A1D52C42-48B9-40FA-9CB9-EAC18B39EB55}.Release|Any CPU.Build.0 = Release|Any CPU
	EndGlobalSection
	GlobalSection(SolutionProperties) = preSolution
		HideSolutionNode = FALSE
	EndGlobalSection
	GlobalSection(NestedProjects) = preSolution
		{4D049971-E860-4A6A-B1E4-665E9AD96964} = {41F1FDFD-94CF-4D2E-AA91-9BE363DD0410}
		{D57D7525-B13F-4DB0-95BD-32200A1ED6C3} = {41F1FDFD-94CF-4D2E-AA91-9BE363DD0410}
		{3876CC41-23F3-4B23-86D4-226786F697C8} = {93627814-AD4F-4972-ACBA-FF098C29E46E}
		{A1D52C42-48B9-40FA-9CB9-EAC18B39EB55} = {93627814-AD4F-4972-ACBA-FF098C29E46E}
	EndGlobalSection
	GlobalSection(ExtensibilityGlobals) = postSolution
		SolutionGuid = {285893D0-FB3E-48DE-AE7A-BBA2ADFB8688}
	EndGlobalSection
EndGlobal
